// !$*UTF8*$!
{
	archiveVersion = 1;
	classes = {
	};
	objectVersion = 56;
	objects = {

/* Begin PBXBuildFile section */
		B504E1752C70545D00E150B3 /* PKUP_SWFTApp.swift in Sources */ = {isa = PBXBuildFile; fileRef = B504E1742C70545D00E150B3 /* PKUP_SWFTApp.swift */; };
		B504E1772C70545D00E150B3 /* ContentView.swift in Sources */ = {isa = PBXBuildFile; fileRef = B504E1762C70545D00E150B3 /* ContentView.swift */; };
		B504E1792C70545D00E150B3 /* Item.swift in Sources */ = {isa = PBXBuildFile; fileRef = B504E1782C70545D00E150B3 /* Item.swift */; };
		B504E17B2C70545E00E150B3 /* Assets.xcassets in Resources */ = {isa = PBXBuildFile; fileRef = B504E17A2C70545E00E150B3 /* Assets.xcassets */; };
		B504E17E2C70545E00E150B3 /* Preview Assets.xcassets in Resources */ = {isa = PBXBuildFile; fileRef = B504E17D2C70545E00E150B3 /* Preview Assets.xcassets */; };
		B504E1882C70545F00E150B3 /* PKUP_SWFTTests.swift in Sources */ = {isa = PBXBuildFile; fileRef = B504E1872C70545F00E150B3 /* PKUP_SWFTTests.swift */; };
		B504E1922C70545F00E150B3 /* PKUP_SWFTUITests.swift in Sources */ = {isa = PBXBuildFile; fileRef = B504E1912C70545F00E150B3 /* PKUP_SWFTUITests.swift */; };
		B504E1942C70545F00E150B3 /* PKUP_SWFTUITestsLaunchTests.swift in Sources */ = {isa = PBXBuildFile; fileRef = B504E1932C70545F00E150B3 /* PKUP_SWFTUITestsLaunchTests.swift */; };
		B53F0F082C70683E002F8B00 /* Achievement.swift in Sources */ = {isa = PBXBuildFile; fileRef = B53F0F072C70683E002F8B00 /* Achievement.swift */; };
/* End PBXBuildFile section */

/* Begin PBXContainerItemProxy section */
		B504E1842C70545F00E150B3 /* PBXContainerItemProxy */ = {
			isa = PBXContainerItemProxy;
			containerPortal = B504E1692C70545D00E150B3 /* Project object */;
			proxyType = 1;
			remoteGlobalIDString = B504E1702C70545D00E150B3;
			remoteInfo = "PKUP-SWFT";
		};
		B504E18E2C70545F00E150B3 /* PBXContainerItemProxy */ = {
			isa = PBXContainerItemProxy;
			containerPortal = B504E1692C70545D00E150B3 /* Project object */;
			proxyType = 1;
			remoteGlobalIDString = B504E1702C70545D00E150B3;
			remoteInfo = "PKUP-SWFT";
		};
/* End PBXContainerItemProxy section */

/* Begin PBXFileReference section */
		B504E1712C70545D00E150B3 /* PKUP-SWFT.app */ = {isa = PBXFileReference; explicitFileType = wrapper.application; includeInIndex = 0; path = "PKUP-SWFT.app"; sourceTree = BUILT_PRODUCTS_DIR; };
		B504E1742C70545D00E150B3 /* PKUP_SWFTApp.swift */ = {isa = PBXFileReference; lastKnownFileType = sourcecode.swift; path = PKUP_SWFTApp.swift; sourceTree = "<group>"; };
		B504E1762C70545D00E150B3 /* ContentView.swift */ = {isa = PBXFileReference; lastKnownFileType = sourcecode.swift; path = ContentView.swift; sourceTree = "<group>"; };
		B504E1782C70545D00E150B3 /* Item.swift */ = {isa = PBXFileReference; lastKnownFileType = sourcecode.swift; path = Item.swift; sourceTree = "<group>"; };
		B504E17A2C70545E00E150B3 /* Assets.xcassets */ = {isa = PBXFileReference; lastKnownFileType = folder.assetcatalog; path = Assets.xcassets; sourceTree = "<group>"; };
		B504E17D2C70545E00E150B3 /* Preview Assets.xcassets */ = {isa = PBXFileReference; lastKnownFileType = folder.assetcatalog; path = "Preview Assets.xcassets"; sourceTree = "<group>"; };
		B504E1832C70545F00E150B3 /* PKUP-SWFTTests.xctest */ = {isa = PBXFileReference; explicitFileType = wrapper.cfbundle; includeInIndex = 0; path = "PKUP-SWFTTests.xctest"; sourceTree = BUILT_PRODUCTS_DIR; };
		B504E1872C70545F00E150B3 /* PKUP_SWFTTests.swift */ = {isa = PBXFileReference; lastKnownFileType = sourcecode.swift; path = PKUP_SWFTTests.swift; sourceTree = "<group>"; };
		B504E18D2C70545F00E150B3 /* PKUP-SWFTUITests.xctest */ = {isa = PBXFileReference; explicitFileType = wrapper.cfbundle; includeInIndex = 0; path = "PKUP-SWFTUITests.xctest"; sourceTree = BUILT_PRODUCTS_DIR; };
		B504E1912C70545F00E150B3 /* PKUP_SWFTUITests.swift */ = {isa = PBXFileReference; lastKnownFileType = sourcecode.swift; path = PKUP_SWFTUITests.swift; sourceTree = "<group>"; };
		B504E1932C70545F00E150B3 /* PKUP_SWFTUITestsLaunchTests.swift */ = {isa = PBXFileReference; lastKnownFileType = sourcecode.swift; path = PKUP_SWFTUITestsLaunchTests.swift; sourceTree = "<group>"; };
		B53F0F072C70683E002F8B00 /* Achievement.swift */ = {isa = PBXFileReference; lastKnownFileType = sourcecode.swift; path = Achievement.swift; sourceTree = "<group>"; };
/* End PBXFileReference section */

/* Begin PBXFrameworksBuildPhase section */
		B504E16E2C70545D00E150B3 /* Frameworks */ = {
			isa = PBXFrameworksBuildPhase;
			buildActionMask = 2147483647;
			files = (
			);
			runOnlyForDeploymentPostprocessing = 0;
		};
		B504E1802C70545F00E150B3 /* Frameworks */ = {
			isa = PBXFrameworksBuildPhase;
			buildActionMask = 2147483647;
			files = (
			);
			runOnlyForDeploymentPostprocessing = 0;
		};
		B504E18A2C70545F00E150B3 /* Frameworks */ = {
			isa = PBXFrameworksBuildPhase;
			buildActionMask = 2147483647;
			files = (
			);
			runOnlyForDeploymentPostprocessing = 0;
		};
/* End PBXFrameworksBuildPhase section */

/* Begin PBXGroup section */
		B504E1682C70545D00E150B3 = {
			isa = PBXGroup;
			children = (
				B504E1732C70545D00E150B3 /* PKUP-SWFT */,
				B504E1862C70545F00E150B3 /* PKUP-SWFTTests */,
				B504E1902C70545F00E150B3 /* PKUP-SWFTUITests */,
				B504E1722C70545D00E150B3 /* Products */,
			);
			sourceTree = "<group>";
		};
		B504E1722C70545D00E150B3 /* Products */ = {
			isa = PBXGroup;
			children = (
				B504E1712C70545D00E150B3 /* PKUP-SWFT.app */,
				B504E1832C70545F00E150B3 /* PKUP-SWFTTests.xctest */,
				B504E18D2C70545F00E150B3 /* PKUP-SWFTUITests.xctest */,
			);
			name = Products;
			sourceTree = "<group>";
		};
		B504E1732C70545D00E150B3 /* PKUP-SWFT */ = {
			isa = PBXGroup;
			children = (
				B504E1742C70545D00E150B3 /* PKUP_SWFTApp.swift */,
				B504E1762C70545D00E150B3 /* ContentView.swift */,
				B504E1782C70545D00E150B3 /* Item.swift */,
				B504E17A2C70545E00E150B3 /* Assets.xcassets */,
				B504E17C2C70545E00E150B3 /* Preview Content */,
				B53F0F072C70683E002F8B00 /* Achievement.swift */,
			);
			path = "PKUP-SWFT";
			sourceTree = "<group>";
		};
		B504E17C2C70545E00E150B3 /* Preview Content */ = {
			isa = PBXGroup;
			children = (
				B504E17D2C70545E00E150B3 /* Preview Assets.xcassets */,
			);
			path = "Preview Content";
			sourceTree = "<group>";
		};
		B504E1862C70545F00E150B3 /* PKUP-SWFTTests */ = {
			isa = PBXGroup;
			children = (
				B504E1872C70545F00E150B3 /* PKUP_SWFTTests.swift */,
			);
			path = "PKUP-SWFTTests";
			sourceTree = "<group>";
		};
		B504E1902C70545F00E150B3 /* PKUP-SWFTUITests */ = {
			isa = PBXGroup;
			children = (
				B504E1912C70545F00E150B3 /* PKUP_SWFTUITests.swift */,
				B504E1932C70545F00E150B3 /* PKUP_SWFTUITestsLaunchTests.swift */,
			);
			path = "PKUP-SWFTUITests";
			sourceTree = "<group>";
		};
/* End PBXGroup section */

/* Begin PBXNativeTarget section */
		B504E1702C70545D00E150B3 /* PKUP-SWFT */ = {
			isa = PBXNativeTarget;
			buildConfigurationList = B504E1972C70545F00E150B3 /* Build configuration list for PBXNativeTarget "PKUP-SWFT" */;
			buildPhases = (
				B504E16D2C70545D00E150B3 /* Sources */,
				B504E16E2C70545D00E150B3 /* Frameworks */,
				B504E16F2C70545D00E150B3 /* Resources */,
			);
			buildRules = (
			);
			dependencies = (
			);
			name = "PKUP-SWFT";
			productName = "PKUP-SWFT";
			productReference = B504E1712C70545D00E150B3 /* PKUP-SWFT.app */;
			productType = "com.apple.product-type.application";
		};
		B504E1822C70545F00E150B3 /* PKUP-SWFTTests */ = {
			isa = PBXNativeTarget;
			buildConfigurationList = B504E19A2C70545F00E150B3 /* Build configuration list for PBXNativeTarget "PKUP-SWFTTests" */;
			buildPhases = (
				B504E17F2C70545F00E150B3 /* Sources */,
				B504E1802C70545F00E150B3 /* Frameworks */,
				B504E1812C70545F00E150B3 /* Resources */,
			);
			buildRules = (
			);
			dependencies = (
				B504E1852C70545F00E150B3 /* PBXTargetDependency */,
			);
			name = "PKUP-SWFTTests";
			productName = "PKUP-SWFTTests";
			productReference = B504E1832C70545F00E150B3 /* PKUP-SWFTTests.xctest */;
			productType = "com.apple.product-type.bundle.unit-test";
		};
		B504E18C2C70545F00E150B3 /* PKUP-SWFTUITests */ = {
			isa = PBXNativeTarget;
			buildConfigurationList = B504E19D2C70545F00E150B3 /* Build configuration list for PBXNativeTarget "PKUP-SWFTUITests" */;
			buildPhases = (
				B504E1892C70545F00E150B3 /* Sources */,
				B504E18A2C70545F00E150B3 /* Frameworks */,
				B504E18B2C70545F00E150B3 /* Resources */,
			);
			buildRules = (
			);
			dependencies = (
				B504E18F2C70545F00E150B3 /* PBXTargetDependency */,
			);
			name = "PKUP-SWFTUITests";
			productName = "PKUP-SWFTUITests";
			productReference = B504E18D2C70545F00E150B3 /* PKUP-SWFTUITests.xctest */;
			productType = "com.apple.product-type.bundle.ui-testing";
		};
/* End PBXNativeTarget section */

/* Begin PBXProject section */
		B504E1692C70545D00E150B3 /* Project object */ = {
			isa = PBXProject;
			attributes = {
				BuildIndependentTargetsInParallel = 1;
				LastSwiftUpdateCheck = 1540;
				LastUpgradeCheck = 1540;
				TargetAttributes = {
					B504E1702C70545D00E150B3 = {
						CreatedOnToolsVersion = 15.4;
					};
					B504E1822C70545F00E150B3 = {
						CreatedOnToolsVersion = 15.4;
						TestTargetID = B504E1702C70545D00E150B3;
					};
					B504E18C2C70545F00E150B3 = {
						CreatedOnToolsVersion = 15.4;
						TestTargetID = B504E1702C70545D00E150B3;
					};
				};
			};
			buildConfigurationList = B504E16C2C70545D00E150B3 /* Build configuration list for PBXProject "PKUP-SWFT" */;
			compatibilityVersion = "Xcode 14.0";
			developmentRegion = en;
			hasScannedForEncodings = 0;
			knownRegions = (
				en,
				Base,
			);
			mainGroup = B504E1682C70545D00E150B3;
			productRefGroup = B504E1722C70545D00E150B3 /* Products */;
			projectDirPath = "";
			projectRoot = "";
			targets = (
				B504E1702C70545D00E150B3 /* PKUP-SWFT */,
				B504E1822C70545F00E150B3 /* PKUP-SWFTTests */,
				B504E18C2C70545F00E150B3 /* PKUP-SWFTUITests */,
			);
		};
/* End PBXProject section */

/* Begin PBXResourcesBuildPhase section */
		B504E16F2C70545D00E150B3 /* Resources */ = {
			isa = PBXResourcesBuildPhase;
			buildActionMask = 2147483647;
			files = (
				B504E17E2C70545E00E150B3 /* Preview Assets.xcassets in Resources */,
				B504E17B2C70545E00E150B3 /* Assets.xcassets in Resources */,
			);
			runOnlyForDeploymentPostprocessing = 0;
		};
		B504E1812C70545F00E150B3 /* Resources */ = {
			isa = PBXResourcesBuildPhase;
			buildActionMask = 2147483647;
			files = (
			);
			runOnlyForDeploymentPostprocessing = 0;
		};
		B504E18B2C70545F00E150B3 /* Resources */ = {
			isa = PBXResourcesBuildPhase;
			buildActionMask = 2147483647;
			files = (
			);
			runOnlyForDeploymentPostprocessing = 0;
		};
/* End PBXResourcesBuildPhase section */

/* Begin PBXSourcesBuildPhase section */
		B504E16D2C70545D00E150B3 /* Sources */ = {
			isa = PBXSourcesBuildPhase;
			buildActionMask = 2147483647;
			files = (
				B504E1772C70545D00E150B3 /* ContentView.swift in Sources */,
				B53F0F082C70683E002F8B00 /* Achievement.swift in Sources */,
				B504E1792C70545D00E150B3 /* Item.swift in Sources */,
				B504E1752C70545D00E150B3 /* PKUP_SWFTApp.swift in Sources */,
			);
			runOnlyForDeploymentPostprocessing = 0;
		};
		B504E17F2C70545F00E150B3 /* Sources */ = {
			isa = PBXSourcesBuildPhase;
			buildActionMask = 2147483647;
			files = (
				B504E1882C70545F00E150B3 /* PKUP_SWFTTests.swift in Sources */,
			);
			runOnlyForDeploymentPostprocessing = 0;
		};
		B504E1892C70545F00E150B3 /* Sources */ = {
			isa = PBXSourcesBuildPhase;
			buildActionMask = 2147483647;
			files = (
				B504E1942C70545F00E150B3 /* PKUP_SWFTUITestsLaunchTests.swift in Sources */,
				B504E1922C70545F00E150B3 /* PKUP_SWFTUITests.swift in Sources */,
			);
			runOnlyForDeploymentPostprocessing = 0;
		};
/* End PBXSourcesBuildPhase section */

/* Begin PBXTargetDependency section */
		B504E1852C70545F00E150B3 /* PBXTargetDependency */ = {
			isa = PBXTargetDependency;
			target = B504E1702C70545D00E150B3 /* PKUP-SWFT */;
			targetProxy = B504E1842C70545F00E150B3 /* PBXContainerItemProxy */;
		};
		B504E18F2C70545F00E150B3 /* PBXTargetDependency */ = {
			isa = PBXTargetDependency;
			target = B504E1702C70545D00E150B3 /* PKUP-SWFT */;
			targetProxy = B504E18E2C70545F00E150B3 /* PBXContainerItemProxy */;
		};
/* End PBXTargetDependency section */

/* Begin XCBuildConfiguration section */
		B504E1952C70545F00E150B3 /* Debug */ = {
			isa = XCBuildConfiguration;
			buildSettings = {
				ALWAYS_SEARCH_USER_PATHS = NO;
				ASSETCATALOG_COMPILER_GENERATE_SWIFT_ASSET_SYMBOL_EXTENSIONS = YES;
				CLANG_ANALYZER_NONNULL = YES;
				CLANG_ANALYZER_NUMBER_OBJECT_CONVERSION = YES_AGGRESSIVE;
				CLANG_CXX_LANGUAGE_STANDARD = "gnu++20";
				CLANG_ENABLE_MODULES = YES;
				CLANG_ENABLE_OBJC_ARC = YES;
				CLANG_ENABLE_OBJC_WEAK = YES;
				CLANG_WARN_BLOCK_CAPTURE_AUTORELEASING = YES;
				CLANG_WARN_BOOL_CONVERSION = YES;
				CLANG_WARN_COMMA = YES;
				CLANG_WARN_CONSTANT_CONVERSION = YES;
				CLANG_WARN_DEPRECATED_OBJC_IMPLEMENTATIONS = YES;
				CLANG_WARN_DIRECT_OBJC_ISA_USAGE = YES_ERROR;
				CLANG_WARN_DOCUMENTATION_COMMENTS = YES;
				CLANG_WARN_EMPTY_BODY = YES;
				CLANG_WARN_ENUM_CONVERSION = YES;
				CLANG_WARN_INFINITE_RECURSION = YES;
				CLANG_WARN_INT_CONVERSION = YES;
				CLANG_WARN_NON_LITERAL_NULL_CONVERSION = YES;
				CLANG_WARN_OBJC_IMPLICIT_RETAIN_SELF = YES;
				CLANG_WARN_OBJC_LITERAL_CONVERSION = YES;
				CLANG_WARN_OBJC_ROOT_CLASS = YES_ERROR;
				CLANG_WARN_QUOTED_INCLUDE_IN_FRAMEWORK_HEADER = YES;
				CLANG_WARN_RANGE_LOOP_ANALYSIS = YES;
				CLANG_WARN_STRICT_PROTOTYPES = YES;
				CLANG_WARN_SUSPICIOUS_MOVE = YES;
				CLANG_WARN_UNGUARDED_AVAILABILITY = YES_AGGRESSIVE;
				CLANG_WARN_UNREACHABLE_CODE = YES;
				CLANG_WARN__DUPLICATE_METHOD_MATCH = YES;
				COPY_PHASE_STRIP = NO;
				DEBUG_INFORMATION_FORMAT = dwarf;
				ENABLE_STRICT_OBJC_MSGSEND = YES;
				ENABLE_TESTABILITY = YES;
				ENABLE_USER_SCRIPT_SANDBOXING = YES;
				GCC_C_LANGUAGE_STANDARD = gnu17;
				GCC_DYNAMIC_NO_PIC = NO;
				GCC_NO_COMMON_BLOCKS = YES;
				GCC_OPTIMIZATION_LEVEL = 0;
				GCC_PREPROCESSOR_DEFINITIONS = (
					"DEBUG=1",
					"$(inherited)",
				);
				GCC_WARN_64_TO_32_BIT_CONVERSION = YES;
				GCC_WARN_ABOUT_RETURN_TYPE = YES_ERROR;
				GCC_WARN_UNDECLARED_SELECTOR = YES;
				GCC_WARN_UNINITIALIZED_AUTOS = YES_AGGRESSIVE;
				GCC_WARN_UNUSED_FUNCTION = YES;
				GCC_WARN_UNUSED_VARIABLE = YES;
				IPHONEOS_DEPLOYMENT_TARGET = 17.5;
				LOCALIZATION_PREFERS_STRING_CATALOGS = YES;
				MTL_ENABLE_DEBUG_INFO = INCLUDE_SOURCE;
				MTL_FAST_MATH = YES;
				ONLY_ACTIVE_ARCH = YES;
				SDKROOT = iphoneos;
				SWIFT_ACTIVE_COMPILATION_CONDITIONS = "DEBUG $(inherited)";
				SWIFT_OPTIMIZATION_LEVEL = "-Onone";
			};
			name = Debug;
		};
		B504E1962C70545F00E150B3 /* Release */ = {
			isa = XCBuildConfiguration;
			buildSettings = {
				ALWAYS_SEARCH_USER_PATHS = NO;
				ASSETCATALOG_COMPILER_GENERATE_SWIFT_ASSET_SYMBOL_EXTENSIONS = YES;
				CLANG_ANALYZER_NONNULL = YES;
				CLANG_ANALYZER_NUMBER_OBJECT_CONVERSION = YES_AGGRESSIVE;
				CLANG_CXX_LANGUAGE_STANDARD = "gnu++20";
				CLANG_ENABLE_MODULES = YES;
				CLANG_ENABLE_OBJC_ARC = YES;
				CLANG_ENABLE_OBJC_WEAK = YES;
				CLANG_WARN_BLOCK_CAPTURE_AUTORELEASING = YES;
				CLANG_WARN_BOOL_CONVERSION = YES;
				CLANG_WARN_COMMA = YES;
				CLANG_WARN_CONSTANT_CONVERSION = YES;
				CLANG_WARN_DEPRECATED_OBJC_IMPLEMENTATIONS = YES;
				CLANG_WARN_DIRECT_OBJC_ISA_USAGE = YES_ERROR;
				CLANG_WARN_DOCUMENTATION_COMMENTS = YES;
				CLANG_WARN_EMPTY_BODY = YES;
				CLANG_WARN_ENUM_CONVERSION = YES;
				CLANG_WARN_INFINITE_RECURSION = YES;
				CLANG_WARN_INT_CONVERSION = YES;
				CLANG_WARN_NON_LITERAL_NULL_CONVERSION = YES;
				CLANG_WARN_OBJC_IMPLICIT_RETAIN_SELF = YES;
				CLANG_WARN_OBJC_LITERAL_CONVERSION = YES;
				CLANG_WARN_OBJC_ROOT_CLASS = YES_ERROR;
				CLANG_WARN_QUOTED_INCLUDE_IN_FRAMEWORK_HEADER = YES;
				CLANG_WARN_RANGE_LOOP_ANALYSIS = YES;
				CLANG_WARN_STRICT_PROTOTYPES = YES;
				CLANG_WARN_SUSPICIOUS_MOVE = YES;
				CLANG_WARN_UNGUARDED_AVAILABILITY = YES_AGGRESSIVE;
				CLANG_WARN_UNREACHABLE_CODE = YES;
				CLANG_WARN__DUPLICATE_METHOD_MATCH = YES;
				COPY_PHASE_STRIP = NO;
				DEBUG_INFORMATION_FORMAT = "dwarf-with-dsym";
				ENABLE_NS_ASSERTIONS = NO;
				ENABLE_STRICT_OBJC_MSGSEND = YES;
				ENABLE_USER_SCRIPT_SANDBOXING = YES;
				GCC_C_LANGUAGE_STANDARD = gnu17;
				GCC_NO_COMMON_BLOCKS = YES;
				GCC_WARN_64_TO_32_BIT_CONVERSION = YES;
				GCC_WARN_ABOUT_RETURN_TYPE = YES_ERROR;
				GCC_WARN_UNDECLARED_SELECTOR = YES;
				GCC_WARN_UNINITIALIZED_AUTOS = YES_AGGRESSIVE;
				GCC_WARN_UNUSED_FUNCTION = YES;
				GCC_WARN_UNUSED_VARIABLE = YES;
				IPHONEOS_DEPLOYMENT_TARGET = 17.5;
				LOCALIZATION_PREFERS_STRING_CATALOGS = YES;
				MTL_ENABLE_DEBUG_INFO = NO;
				MTL_FAST_MATH = YES;
				SDKROOT = iphoneos;
				SWIFT_COMPILATION_MODE = wholemodule;
				VALIDATE_PRODUCT = YES;
			};
			name = Release;
		};
		B504E1982C70545F00E150B3 /* Debug */ = {
			isa = XCBuildConfiguration;
			buildSettings = {
				ASSETCATALOG_COMPILER_APPICON_NAME = AppIcon;
				ASSETCATALOG_COMPILER_GLOBAL_ACCENT_COLOR_NAME = AccentColor;
				CODE_SIGN_STYLE = Automatic;
				CURRENT_PROJECT_VERSION = 1;
				DEVELOPMENT_ASSET_PATHS = "\"PKUP-SWFT/Preview Content\"";
				DEVELOPMENT_TEAM = 5KB37B83FD;
				ENABLE_PREVIEWS = YES;
				GENERATE_INFOPLIST_FILE = YES;
				INFOPLIST_KEY_UIApplicationSceneManifest_Generation = YES;
				INFOPLIST_KEY_UIApplicationSupportsIndirectInputEvents = YES;
				INFOPLIST_KEY_UILaunchScreen_Generation = YES;
				INFOPLIST_KEY_UISupportedInterfaceOrientations_iPad = "UIInterfaceOrientationPortrait UIInterfaceOrientationPortraitUpsideDown UIInterfaceOrientationLandscapeLeft UIInterfaceOrientationLandscapeRight";
				INFOPLIST_KEY_UISupportedInterfaceOrientations_iPhone = "UIInterfaceOrientationPortrait UIInterfaceOrientationLandscapeLeft UIInterfaceOrientationLandscapeRight";
				LD_RUNPATH_SEARCH_PATHS = (
					"$(inherited)",
					"@executable_path/Frameworks",
				);
				MARKETING_VERSION = 1.0;
				PRODUCT_BUNDLE_IDENTIFIER = "pkup-industries.PKUP-SWFT";
				PRODUCT_NAME = "$(TARGET_NAME)";
				SWIFT_EMIT_LOC_STRINGS = YES;
				SWIFT_VERSION = 5.0;
				TARGETED_DEVICE_FAMILY = "1,2";
			};
			name = Debug;
		};
		B504E1992C70545F00E150B3 /* Release */ = {
			isa = XCBuildConfiguration;
			buildSettings = {
				ASSETCATALOG_COMPILER_APPICON_NAME = AppIcon;
				ASSETCATALOG_COMPILER_GLOBAL_ACCENT_COLOR_NAME = AccentColor;
				CODE_SIGN_STYLE = Automatic;
				CURRENT_PROJECT_VERSION = 1;
				DEVELOPMENT_ASSET_PATHS = "\"PKUP-SWFT/Preview Content\"";
				DEVELOPMENT_TEAM = 5KB37B83FD;
				ENABLE_PREVIEWS = YES;
				GENERATE_INFOPLIST_FILE = YES;
				INFOPLIST_KEY_UIApplicationSceneManifest_Generation = YES;
				INFOPLIST_KEY_UIApplicationSupportsIndirectInputEvents = YES;
				INFOPLIST_KEY_UILaunchScreen_Generation = YES;
				INFOPLIST_KEY_UISupportedInterfaceOrientations_iPad = "UIInterfaceOrientationPortrait UIInterfaceOrientationPortraitUpsideDown UIInterfaceOrientationLandscapeLeft UIInterfaceOrientationLandscapeRight";
				INFOPLIST_KEY_UISupportedInterfaceOrientations_iPhone = "UIInterfaceOrientationPortrait UIInterfaceOrientationLandscapeLeft UIInterfaceOrientationLandscapeRight";
				LD_RUNPATH_SEARCH_PATHS = (
					"$(inherited)",
					"@executable_path/Frameworks",
				);
				MARKETING_VERSION = 1.0;
				PRODUCT_BUNDLE_IDENTIFIER = "pkup-industries.PKUP-SWFT";
				PRODUCT_NAME = "$(TARGET_NAME)";
				SWIFT_EMIT_LOC_STRINGS = YES;
				SWIFT_VERSION = 5.0;
				TARGETED_DEVICE_FAMILY = "1,2";
			};
			name = Release;
		};
		B504E19B2C70545F00E150B3 /* Debug */ = {
			isa = XCBuildConfiguration;
			buildSettings = {
				ALWAYS_EMBED_SWIFT_STANDARD_LIBRARIES = YES;
				BUNDLE_LOADER = "$(TEST_HOST)";
				CODE_SIGN_STYLE = Automatic;
				CURRENT_PROJECT_VERSION = 1;
				DEVELOPMENT_TEAM = 5KB37B83FD;
				GENERATE_INFOPLIST_FILE = YES;
				IPHONEOS_DEPLOYMENT_TARGET = 17.5;
				MARKETING_VERSION = 1.0;
				PRODUCT_BUNDLE_IDENTIFIER = "pkup-industries.PKUP-SWFTTests";
				PRODUCT_NAME = "$(TARGET_NAME)";
				SWIFT_EMIT_LOC_STRINGS = NO;
				SWIFT_VERSION = 5.0;
				TARGETED_DEVICE_FAMILY = "1,2";
				TEST_HOST = "$(BUILT_PRODUCTS_DIR)/PKUP-SWFT.app/$(BUNDLE_EXECUTABLE_FOLDER_PATH)/PKUP-SWFT";
			};
			name = Debug;
		};
		B504E19C2C70545F00E150B3 /* Release */ = {
			isa = XCBuildConfiguration;
			buildSettings = {
				ALWAYS_EMBED_SWIFT_STANDARD_LIBRARIES = YES;
				BUNDLE_LOADER = "$(TEST_HOST)";
				CODE_SIGN_STYLE = Automatic;
				CURRENT_PROJECT_VERSION = 1;
				DEVELOPMENT_TEAM = 5KB37B83FD;
				GENERATE_INFOPLIST_FILE = YES;
				IPHONEOS_DEPLOYMENT_TARGET = 17.5;
				MARKETING_VERSION = 1.0;
				PRODUCT_BUNDLE_IDENTIFIER = "pkup-industries.PKUP-SWFTTests";
				PRODUCT_NAME = "$(TARGET_NAME)";
				SWIFT_EMIT_LOC_STRINGS = NO;
				SWIFT_VERSION = 5.0;
				TARGETED_DEVICE_FAMILY = "1,2";
				TEST_HOST = "$(BUILT_PRODUCTS_DIR)/PKUP-SWFT.app/$(BUNDLE_EXECUTABLE_FOLDER_PATH)/PKUP-SWFT";
			};
			name = Release;
		};
		B504E19E2C70545F00E150B3 /* Debug */ = {
			isa = XCBuildConfiguration;
			buildSettings = {
				ALWAYS_EMBED_SWIFT_STANDARD_LIBRARIES = YES;
				CODE_SIGN_STYLE = Automatic;
				CURRENT_PROJECT_VERSION = 1;
				DEVELOPMENT_TEAM = 5KB37B83FD;
				GENERATE_INFOPLIST_FILE = YES;
				MARKETING_VERSION = 1.0;
				PRODUCT_BUNDLE_IDENTIFIER = "pkup-industries.PKUP-SWFTUITests";
				PRODUCT_NAME = "$(TARGET_NAME)";
				SWIFT_EMIT_LOC_STRINGS = NO;
				SWIFT_VERSION = 5.0;
				TARGETED_DEVICE_FAMILY = "1,2";
				TEST_TARGET_NAME = "PKUP-SWFT";
			};
			name = Debug;
		};
		B504E19F2C70545F00E150B3 /* Release */ = {
			isa = XCBuildConfiguration;
			buildSettings = {
				ALWAYS_EMBED_SWIFT_STANDARD_LIBRARIES = YES;
				CODE_SIGN_STYLE = Automatic;
				CURRENT_PROJECT_VERSION = 1;
				DEVELOPMENT_TEAM = 5KB37B83FD;
				GENERATE_INFOPLIST_FILE = YES;
				MARKETING_VERSION = 1.0;
				PRODUCT_BUNDLE_IDENTIFIER = "pkup-industries.PKUP-SWFTUITests";
				PRODUCT_NAME = "$(TARGET_NAME)";
				SWIFT_EMIT_LOC_STRINGS = NO;
				SWIFT_VERSION = 5.0;
				TARGETED_DEVICE_FAMILY = "1,2";
				TEST_TARGET_NAME = "PKUP-SWFT";
			};
			name = Release;
		};
/* End XCBuildConfiguration section */

/* Begin XCConfigurationList section */
		B504E16C2C70545D00E150B3 /* Build configuration list for PBXProject "PKUP-SWFT" */ = {
			isa = XCConfigurationList;
			buildConfigurations = (
				B504E1952C70545F00E150B3 /* Debug */,
				B504E1962C70545F00E150B3 /* Release */,
			);
			defaultConfigurationIsVisible = 0;
			defaultConfigurationName = Release;
		};
		B504E1972C70545F00E150B3 /* Build configuration list for PBXNativeTarget "PKUP-SWFT" */ = {
			isa = XCConfigurationList;
			buildConfigurations = (
				B504E1982C70545F00E150B3 /* Debug */,
				B504E1992C70545F00E150B3 /* Release */,
			);
			defaultConfigurationIsVisible = 0;
			defaultConfigurationName = Release;
		};
		B504E19A2C70545F00E150B3 /* Build configuration list for PBXNativeTarget "PKUP-SWFTTests" */ = {
			isa = XCConfigurationList;
			buildConfigurations = (
				B504E19B2C70545F00E150B3 /* Debug */,
				B504E19C2C70545F00E150B3 /* Release */,
			);
			defaultConfigurationIsVisible = 0;
			defaultConfigurationName = Release;
		};
		B504E19D2C70545F00E150B3 /* Build configuration list for PBXNativeTarget "PKUP-SWFTUITests" */ = {
			isa = XCConfigurationList;
			buildConfigurations = (
				B504E19E2C70545F00E150B3 /* Debug */,
				B504E19F2C70545F00E150B3 /* Release */,
			);
			defaultConfigurationIsVisible = 0;
			defaultConfigurationName = Release;
		};
/* End XCConfigurationList section */
	};
	rootObject = B504E1692C70545D00E150B3 /* Project object */;
}
